
Microsoft Visual Studio Solution File, Format Version 12.00
# Visual Studio 15
VisualStudioVersion = 15.0.28307.106
MinimumVisualStudioVersion = 10.0.40219.1
Project("{FAE04EC0-301F-11D3-BF4B-00C04F79EFBC}") = "CognitiveServiceAPI-TextAnalytics", "CognitiveServiceAPI-TextAnalytics\CognitiveServiceAPI-TextAnalytics.csproj", "{A1662246-CE24-484B-90F2-C4D35081396B}"
EndProject
Global
	GlobalSection(SolutionConfigurationPlatforms) = preSolution
		Debug|Any CPU = Debug|Any CPU
		Release|Any CPU = Release|Any CPU
	EndGlobalSection
	GlobalSection(ProjectConfigurationPlatforms) = postSolution
		{A1662246-CE24-484B-90F2-C4D35081396B}.Debug|Any CPU.ActiveCfg = Debug|Any CPU
		{A1662246-CE24-484B-90F2-C4D35081396B}.Debug|Any CPU.Build.0 = Debug|Any CPU
		{A1662246-CE24-484B-90F2-C4D35081396B}.Release|Any CPU.ActiveCfg = Release|Any CPU
		{A1662246-CE24-484B-90F2-C4D35081396B}.Release|Any CPU.Build.0 = Release|Any CPU
	EndGlobalSection
	GlobalSection(SolutionProperties) = preSolution
		HideSolutionNode = FALSE
	EndGlobalSection
	GlobalSection(ExtensibilityGlobals) = postSolution
		SolutionGuid = {FF87F70E-C7E1-406B-B19C-087CF50C8DE0}
	EndGlobalSection
EndGlobal
